{
  "name": "lenador",
  "version": "1.0.0",
  "lockfileVersion": 1,
  "requires": true,
  "dependencies": {
    "phaser-ce": {
      "version": "2.11.1",
      "resolved": "https://registry.npmjs.org/phaser-ce/-/phaser-ce-2.11.1.tgz",
      "integrity": "sha512-5Ta9g5bZI7YzKzON6LoUGhvkG64swmbHvFntydjNssLLbDtWb9eo3WxuVeKkbxl4bJ/iIP/Zs6QbuxhxsWwoWg=="
    }
  }
}
